
Microsoft Visual Studio Solution File, Format Version 11.00
# Visual Studio 2010
Project("{FAE04EC0-301F-11D3-BF4B-00C04F79EFBC}") = "TaskAssigner.Web", "TaskAssigner.Web\TaskAssigner.Web.csproj", "{E1413844-498E-4FF4-A6BE-82672E722121}"
EndProject
Project("{FAE04EC0-301F-11D3-BF4B-00C04F79EFBC}") = "TaskAssigner.Domain", "TaskAssigner.Domain\TaskAssigner.Domain.csproj", "{F51D83B1-C61F-4EB0-9118-31DEC857B4E6}"
EndProject
Project("{FAE04EC0-301F-11D3-BF4B-00C04F79EFBC}") = "TaskAssigner.Data", "TaskAssigner.Data\TaskAssigner.Data.csproj", "{00CC5470-D0E9-4C25-A53C-DA2B1F419ABC}"
EndProject
Project("{FAE04EC0-301F-11D3-BF4B-00C04F79EFBC}") = "TaskAssigner.Tests", "TaskAssigner.Tests\TaskAssigner.Tests.csproj", "{A79CD6BF-573D-47DA-B718-C5FA5A91B30F}"
EndProject
Global
	GlobalSection(SolutionConfigurationPlatforms) = preSolution
		Debug|Any CPU = Debug|Any CPU
		Release|Any CPU = Release|Any CPU
	EndGlobalSection
	GlobalSection(ProjectConfigurationPlatforms) = postSolution
		{E1413844-498E-4FF4-A6BE-82672E722121}.Debug|Any CPU.ActiveCfg = Debug|Any CPU
		{E1413844-498E-4FF4-A6BE-82672E722121}.Debug|Any CPU.Build.0 = Debug|Any CPU
		{E1413844-498E-4FF4-A6BE-82672E722121}.Release|Any CPU.ActiveCfg = Release|Any CPU
		{E1413844-498E-4FF4-A6BE-82672E722121}.Release|Any CPU.Build.0 = Release|Any CPU
		{F51D83B1-C61F-4EB0-9118-31DEC857B4E6}.Debug|Any CPU.ActiveCfg = Debug|Any CPU
		{F51D83B1-C61F-4EB0-9118-31DEC857B4E6}.Debug|Any CPU.Build.0 = Debug|Any CPU
		{F51D83B1-C61F-4EB0-9118-31DEC857B4E6}.Release|Any CPU.ActiveCfg = Release|Any CPU
		{F51D83B1-C61F-4EB0-9118-31DEC857B4E6}.Release|Any CPU.Build.0 = Release|Any CPU
		{00CC5470-D0E9-4C25-A53C-DA2B1F419ABC}.Debug|Any CPU.ActiveCfg = Debug|Any CPU
		{00CC5470-D0E9-4C25-A53C-DA2B1F419ABC}.Debug|Any CPU.Build.0 = Debug|Any CPU
		{00CC5470-D0E9-4C25-A53C-DA2B1F419ABC}.Release|Any CPU.ActiveCfg = Release|Any CPU
		{00CC5470-D0E9-4C25-A53C-DA2B1F419ABC}.Release|Any CPU.Build.0 = Release|Any CPU
		{A79CD6BF-573D-47DA-B718-C5FA5A91B30F}.Debug|Any CPU.ActiveCfg = Debug|Any CPU
		{A79CD6BF-573D-47DA-B718-C5FA5A91B30F}.Debug|Any CPU.Build.0 = Debug|Any CPU
		{A79CD6BF-573D-47DA-B718-C5FA5A91B30F}.Release|Any CPU.ActiveCfg = Release|Any CPU
		{A79CD6BF-573D-47DA-B718-C5FA5A91B30F}.Release|Any CPU.Build.0 = Release|Any CPU
	EndGlobalSection
	GlobalSection(SolutionProperties) = preSolution
		HideSolutionNode = FALSE
	EndGlobalSection
EndGlobal
